<?xml version="1.0" encoding="utf-8"?>
<Project ToolsVersion="4.0" xmlns="http://schemas.microsoft.com/developer/msbuild/2003">
  <ItemGroup>
    <Filter Include="Source Files">
      <UniqueIdentifier>{4FC737F1-C7A5-4376-A066-2A32D752A2FF}</UniqueIdentifier>
      <Extensions>cpp;c;cc;cxx;c++;cppm;ixx;def;odl;idl;hpj;bat;asm;asmx</Extensions>
    </Filter>
    <Filter Include="Header Files">
      <UniqueIdentifier>{93995380-89BD-4b04-88EB-625FBE52EBFB}</UniqueIdentifier>
      <Extensions>h;hh;hpp;hxx;h++;hm;inl;inc;ipp;xsd</Extensions>
    </Filter>
    <Filter Include="Resource Files">
      <UniqueIdentifier>{67DA6AB6-F800-4c08-8B7A-83BB121AAD01}</UniqueIdentifier>
      <Extensions>rc;ico;cur;bmp;dlg;rc2;rct;bin;rgs;gif;jpg;jpeg;jpe;resx;tiff;tif;png;wav;mfcribbon-ms</Extensions>
    </Filter>
    <Filter Include="Shaders">
      <UniqueIdentifier>{3d7642f4-5176-4c7f-b0d6-204049781ece}</UniqueIdentifier>
    </Filter>
  </ItemGroup>
  <ItemGroup>
    <ClCompile Include="src\EntryPoint.cpp">
      <Filter>Source Files</Filter>
    </ClCompile>
    <ClCompile Include="src\WindowManager.cpp">
      <Filter>Source Files</Filter>
    </ClCompile>
    <ClCompile Include="src\InputHandler.cpp">
      <Filter>Source Files</Filter>
    </ClCompile>
    <ClCompile Include="src\glad.c">
      <Filter>Source Files</Filter>
    </ClCompile>
    <ClCompile Include="src\FPSCamera.cpp">
      <Filter>Source Files</Filter>
    </ClCompile>
    <ClCompile Include="src\Shader.cpp">
      <Filter>Source Files</Filter>
    </ClCompile>
    <ClCompile Include="src\BasicScene.cpp">
      <Filter>Source Files</Filter>
    </ClCompile>
    <ClCompile Include="src\stb_image.cpp">
      <Filter>Source Files</Filter>
    </ClCompile>
    <ClCompile Include="src\Renderer.cpp">
      <Filter>Source Files</Filter>
    </ClCompile>
    <ClCompile Include="src\normalMapper.cpp">
      <Filter>Source Files</Filter>
    </ClCompile>
    <ClCompile Include="src\TDO.cpp">
      <Filter>Source Files</Filter>
    </ClCompile>
  </ItemGroup>
  <ItemGroup>
    <ClInclude Include="include\WindowManager.h">
      <Filter>Header Files</Filter>
    </ClInclude>
    <ClInclude Include="include\Shader.h">
      <Filter>Header Files</Filter>
    </ClInclude>
    <ClInclude Include="include\Scene.h">
      <Filter>Header Files</Filter>
    </ClInclude>
    <ClInclude Include="include\InputHandler.h">
      <Filter>Header Files</Filter>
    </ClInclude>
    <ClInclude Include="include\Camera.h">
      <Filter>Header Files</Filter>
    </ClInclude>
    <ClInclude Include="include\Properties.h">
      <Filter>Header Files</Filter>
    </ClInclude>
    <ClInclude Include="include\FPSCamera.h">
      <Filter>Header Files</Filter>
    </ClInclude>
    <ClInclude Include="include\GLFWinputCodes.h">
      <Filter>Header Files</Filter>
    </ClInclude>
    <ClInclude Include="include\BasicScene.h">
      <Filter>Header Files</Filter>
    </ClInclude>
    <ClInclude Include="include\stb_image.h">
      <Filter>Header Files</Filter>
    </ClInclude>
    <ClInclude Include="include\Renderer.h">
      <Filter>Header Files</Filter>
    </ClInclude>
    <ClInclude Include="include\normalMapper.h">
      <Filter>Header Files</Filter>
    </ClInclude>
    <ClInclude Include="include\TDO.h">
      <Filter>Header Files</Filter>
    </ClInclude>
  </ItemGroup>
  <ItemGroup>
    <None Include="..\Shaders\plainFrag.fs">
      <Filter>Shaders</Filter>
    </None>
    <None Include="..\Shaders\plainVert.vs">
      <Filter>Shaders</Filter>
    </None>
    <None Include="..\Shaders\PP.vs">
      <Filter>Shaders</Filter>
    </None>
    <None Include="..\Shaders\PPd.fs">
      <Filter>Shaders</Filter>
    </None>
    <None Include="..\Shaders\PPc.fs">
      <Filter>Shaders</Filter>
    </None>
    <None Include="..\Shaders\lightShader.vs">
      <Filter>Shaders</Filter>
    </None>
    <None Include="..\Shaders\lightShader.fs">
      <Filter>Shaders</Filter>
    </None>
    <None Include="..\Shaders\Ffrag.frag">
      <Filter>Shaders</Filter>
    </None>
    <None Include="..\Shaders\FfragTEST.frag">
      <Filter>Shaders</Filter>
    </None>
    <None Include="..\Shaders\Fvert.vert">
      <Filter>Shaders</Filter>
    </None>
    <None Include="..\Shaders\SM.frag">
      <Filter>Shaders</Filter>
    </None>
    <None Include="..\Shaders\SM.vert">
      <Filter>Shaders</Filter>
    </None>
    <None Include="..\Shaders\PXmap.frag">
      <Filter>Shaders</Filter>
    </None>
    <None Include="..\Shaders\PXmap.vert">
      <Filter>Shaders</Filter>
    </None>
  </ItemGroup>
</Project>